{
    "_meta": {
        "hash": {
            "sha256": "739f1f29b86dfc521837de781138ac2bea57a6c7c2ad57d447b038d762a120c3"
        },
        "host-environment-markers": {
            "implementation_name": "cpython",
            "implementation_version": "3.6.3",
            "os_name": "posix",
            "platform_machine": "aarch64",
            "platform_python_implementation": "CPython",
            "platform_release": "4.4.77-rk3328",
            "platform_system": "Linux",
            "platform_version": "#29 SMP Mon Nov 20 03:26:28 CET 2017",
            "python_full_version": "3.6.3",
            "python_version": "3.6",
            "sys_platform": "linux"
        },
        "pipfile-spec": 6,
        "requires": {},
        "sources": [
            {
                "name": "pypi",
                "url": "https://pypi.python.org/simple",
                "verify_ssl": true
            }
        ]
    },
    "default": {
        "asyncio-redis": {
            "hashes": [
                "sha256:e455952b399c3380d7d6e444b66c46183fc40df9536fafcb9ad7753d9e1520d7",
                "sha256:fae40dc59c7268dfb9a44542cb3f48a885c8f5f7438b13f0dfec1fbd10a82369"
            ],
            "version": "==0.14.3"
        },
        "blosc": {
            "git": "https://github.com/Blosc/python-blosc.git"
        },
        "bottleneck": {
            "hashes": [
                "sha256:6efcde5f830aed64feafca0359b51db0e184c72af8ba6675b4a99f263922eb36"
            ],
            "version": "==1.2.1"
        },
        "cbor": {
            "hashes": [
                "sha256:13225a262ddf5615cbd9fd55a76a0d53069d18b07d2e9f19c39e6acb8609bbb6"
            ],
            "version": "==1.0.0"
        },
        "cffi": {
            "hashes": [
                "sha256:2c707e97ad7b0417713543be7cb87315c015bb5dd97903480168d60ebe3e313e",
                "sha256:6d8c7e20eb90be9e1ccce8e8dd4ee5163b37289fc5708f9eeafc00adc07ba891",
                "sha256:627298d788edcb317b6a01347428501e773f5e8f2988407231c07e50e3f6c1cf",
                "sha256:bdd28cf8302eeca1b4c70ec727de384d4f6ea640b0e698934fd9b4c3bc88eeb1",
                "sha256:248198cb714fe09f5c60b6acba3675d52199c6142641536796cdf89dd45e5590",
                "sha256:c962cb68987cbfb70b034f153bfa467c615c0b55305d39b3237c4bdbdbc8b0f4",
                "sha256:401ba2f6c1f1672b6c38670e1c00fa5f84f841edd30c32742dab5c7151cd89bf",
                "sha256:1c103c0ee8235c47c4892288b2287014f33e7cb24b9d4a665be3aa744377dcb9",
                "sha256:d7461ef8671ae40f991384bbc4a6b1b79f4e7175d8052584be44041996f46517",
                "sha256:3ac9be5763238da1d6fa467c43e3f86472626837a478588c94165df09e62e120",
                "sha256:d54a7c37f954fdbb971873c935a77ddc33690cec9b7ac254d9f948c43c32fa83",
                "sha256:4d9bf1b23896bcd4d042e823f50ad36fb6d8e1e645a3dfb2fe2f070851489b92",
                "sha256:61cf049b1c649d8eec360a1a1d09a61c37b9b2d542364506e8feb4afd232363d",
                "sha256:ce3da410ae2ab8709565cc3b18fbe9a0eb96ea7b2189416098c48d839ecced84",
                "sha256:e72d8b5056f967ecb57e166537408bc913f2f97dc568027fb6342fcfa9f81d64",
                "sha256:11a8ba88ef6ae89110ef029dae7f1a293365e50bdd0c6ca973beed80cec95ae4",
                "sha256:974f69112721ba2e8a6acd0f6b68a5e11432710a3eca4e4e6f4d7aaf99214ed1",
                "sha256:062c66dabc3faf8e0db1ca09a6b8e308846e5d35f43bed1a68c492b0d96ac171",
                "sha256:03a9b9efc280dbe6be149a7fa689f59a822df009eee633fdaf55a6f38795861f",
                "sha256:8b3d6dc9981cedfb1ddcd4600ec0c7f5ac2c6ad2dc482011c7eecb4ae9c819e0",
                "sha256:09b7d195d163b515ef7c2b2e26a689c9816c83d5319cceac6c36ffdab97ab048",
                "sha256:943b94667749d1cfcd964e215a20b9c891deae913202ee8eacaf2b94164b155f",
                "sha256:89829f5cfbcb5ad568a3d61bd23a8e33ad69b488d8f6a385e0097a4c20742a9b",
                "sha256:ba78da7c940b041cdbb5aaff5afe11e8a8f25fe19564c12eefea5c5bd86930ca",
                "sha256:a79b15b9bb4726672865cf5b0f63dee4835974a2b11b49652d70d49003f5d1f4",
                "sha256:f6799913eb510b682de971ddef062bbb4a200f190e55cae81c413bc1fd4733c1",
                "sha256:e7f5ad6b12f21b77d3a37d5c67260e464f4e9068eb0c0622f61d0e30390b31b6",
                "sha256:5f96c92d5f5713ccb71e76dfa14cf819c59ecb9778e94bcb541e13e6d96d1ce5",
                "sha256:5357b465e3d6b98972b7810f9969c913d365e75b09b7ba813f5f0577fe1ac9f4",
                "sha256:75e1de9ba7c155d89bcf67d149b1c741df553c8158536e8d27e63167403159af",
                "sha256:ab87dd91c0c4073758d07334c1e5f712ce8fe48f007b86f8238773963ee700a6"
            ],
            "version": "==1.11.2"
        },
        "cython": {
            "hashes": [
                "sha256:aba08b4db9163c52a1106efa8b19c5a4e519e5f45644551bb1358ec189a14505",
                "sha256:d17a6a689bb3e6c0f280620dfddb1b91ffb8fcdae3b8707bdf6285df4100d011",
                "sha256:82bbbeadbc579b6f2a7365db2d3ea21043699e424cfcca434b3baa11309260ae",
                "sha256:cefa9356770d71176c87ab60f6fdb186ec9cbc6399a6c2de1017852505d44963",
                "sha256:83237d27b6dec0f6b76406de5be1cf249cffb4377079acc3f3dfa72de1e307cf",
                "sha256:7fbd49b1bd5240feb69ec4c67f4c76fc9dfdfc472d642833668ecaad0e14673d",
                "sha256:abfb2426266d806a7d794a8ecbd0fbb385b48bddf2db6ac9a2e95d48e2c603bd",
                "sha256:d8e40814fefc300bc64251f5d6bd8988e49442d7ded0e5702b5366323a035afc",
                "sha256:8a4733edf3ca1c7dd9c7e1289dd5974657f1147642ef8ded1e57a1266922e32a",
                "sha256:fb5b8978b937677a32b5aecc72231560d29243622a298a5c31183b156f9f42e3",
                "sha256:e30fd7a32cbe7fe6c186deefef03670bf75d76ead23418f8c91519899be5518e",
                "sha256:b9bc1d7e681c5a7560280a5aa8000f736eb0e47efacb7b6206275ed004595a92",
                "sha256:251bb50e36044ad26ff45960a60cb75868757fd46900eaf00129a4af3a0d5fcc",
                "sha256:e86984b90a0176bafb5890f1f14a2962317eee9e95e0a917e6b06a5b0c764e25",
                "sha256:4c958bd9e50fcd316830561f0725b3ccf893de328566c960b7bb38424d3b983d",
                "sha256:a51c3a1c948664874f91636ba6169bca4dc68f5fac7b980fcb9c769a8d1f9ebc",
                "sha256:28c938bc970d2b5fe296460cf6ed19d0328776a6295f68a79057060e60bfc82f",
                "sha256:38a9e5afc5e096f26bfe5c4b458541e455032028cb5356a734ba235868b19823",
                "sha256:3914ae1268334208e33b952e9f447e0d9f43decd562f939d7d07e8589d0473ba",
                "sha256:f441347d0d07b4cb9ca36bda70c3aa98a7484a262b8f44d0f82b70dbb5e11b47",
                "sha256:f01e79f4123205d0f99b97199b53345cb6378974e738792c620957c6223fded9",
                "sha256:56a9f99b42ad6ad1fdb7705c16aa69b2e1a4ac34f760286a6de64c5719499da7",
                "sha256:9f8bbd876c4d68cb12b9de9dc6734c17ca295e4759e684417fd7f3dd96d3ed2c",
                "sha256:7bc07c32703e4e63f2f60c729b0ae99acbccbfd3ae4c64a322a75482d915d4af",
                "sha256:8afdc3751c6269ef46879ca6ff32a1362f298c77f2cf0723c66ae65c35be5db0",
                "sha256:264a68823751fe2a18d0b14dd44b614aecd508bd01453902921c23fd5be13d4c",
                "sha256:ca81d4b6f511f1e0d2a1c76ad5b3a4a3a0edf683f27600d4a86da55cb134372a",
                "sha256:26e24164d59e92280fa759a8a361c68490763ec230307e21990020bdeb87de50",
                "sha256:5e0006c3a2849b7a36d2cb23bcf14753b6ffc3eafac48fa29fafad942cfa4627",
                "sha256:6a00512de1f2e3ce66ba35c5420babaef1fe2d9c43a8faab4080b0dbcc26bc64"
            ],
            "version": "==0.27.3"
        },
        "numpy": {
            "hashes": [
                "sha256:428cd3c0b197cf857671353d8c85833193921af9fafcc169a1f29c7185833d50",
                "sha256:a476e437d73e5754aa66e1e75840d0163119c3911b7361f4cd06985212a3c3fb",
                "sha256:289ff717138cd9aa133adcbd3c3e284458b9c8230db4d42b39083a3407370317",
                "sha256:c5eccb4bf96dbb2436c61bb3c2658139e779679b6ae0d04c5e268e6608b58053",
                "sha256:75471acf298d455b035226cc609a92aee42c4bb6aa71def85f77fa2c2b646b61",
                "sha256:5c54fb98ecf42da59ed93736d1c071842482b18657eb16ba6e466bd873e1b923",
                "sha256:9ddf384ac3aacb72e122a8207775cc29727cbd9c531ee1a4b95754f24f42f7f3",
                "sha256:781d3197da49c421a07f250750de70a52c42af08ca02a2f7bdb571c0625ae7eb",
                "sha256:93b26d6c06a22e64d56aaca32aaaffd27a4143db0ac2f21a048f0b571f2bfc55",
                "sha256:b2547f57d05ba59df4289493254f29f4c9082d255f1f97b7e286f40f453e33a1",
                "sha256:eef6af1c752eef538a96018ef9bdf8e37bbf28aab50a1436501a4aa47a6467df",
                "sha256:ff8a4b2c3ac831964f529a2da506c28d002562b230261ae5c16885f5f53d2e75",
                "sha256:194074058c22a4066e1b6a4ea432486ee468d24ab16f13630c1030409e6b8666",
                "sha256:4e13f1a848fde960dea33702770265837c72b796a6a3eaac7528cfe75ddefadd",
                "sha256:91101216d72749df63968d86611b549438fb18af2c63849c01f9a897516133c7",
                "sha256:97507349abb7d1f6b76b877258defe8720833881dc7e7fd052bac90c88587387",
                "sha256:1479b46b6040b5c689831496354c8859c456b152d37315673a0c18720b41223b",
                "sha256:98b1ac79c160e36093d7914244e40ee1e7164223e795aa2c71dcce367554e646",
                "sha256:24bbec9a199f938eab75de8390f410969bc33c218e5430fa1ae9401b00865255",
                "sha256:7880f412543e96548374a4bb1d75e4cdb8cad80f3a101ed0f8d0e0428f719c1c",
                "sha256:6112f152b76a28c450bbf665da11757078a724a90330112f5b7ea2d6b6cefd67",
                "sha256:7c5276763646480143d5f3a6c2acb2885460c765051a1baf4d5070f63d05010f",
                "sha256:3de643935b212307b420248018323a44ec51987a336d1d747c1322afc3c099fb"
            ],
            "version": "==1.14.0"
        },
        "pycparser": {
            "hashes": [
                "sha256:99a8ca03e29851d96616ad0404b4aad7d9ee16f25c9f9708a11faf2810f7b226"
            ],
            "version": "==2.18"
        },
        "pynacl": {
            "git": "https://github.com/pyca/pynacl.git"
        },
        "pyrtlsdr": {
            "git": "https://github.com/itdaniher/pyrtlsdr.git"
        }
    },
    "develop": {}
}
