{
    "_meta": {
        "hash": {
            "sha256": "3a9863522456b160c375a7c79ccf0063edf24b9343963ce7099e0507e7784227"
        },
        "host-environment-markers": {
            "implementation_name": "cpython",
            "implementation_version": "3.6.4",
            "os_name": "posix",
            "platform_machine": "aarch64",
            "platform_python_implementation": "CPython",
            "platform_release": "4.4.77-rk3328",
            "platform_system": "Linux",
            "platform_version": "#29 SMP Mon Nov 20 03:26:28 CET 2017",
            "python_full_version": "3.6.4+",
            "python_version": "3.6",
            "sys_platform": "linux"
        },
        "pipfile-spec": 6,
        "requires": {},
        "sources": [
            {
                "name": "pypi",
                "url": "https://pypi.python.org/simple",
                "verify_ssl": true
            }
        ]
    },
    "default": {
        "aiohttp": {
            "hashes": [
                "sha256:2d3ca44e2f2d989b6f19c36aac961a221c5ee872ac72290dd56abf25173e79cf",
                "sha256:cf559687b8a180e2dda9cb6f638c99861c1e927f4a27515c57cba275ae268c7a",
                "sha256:713367b92972744d4a7380afc4365f524a490483713cbb9e656060901574c528",
                "sha256:59788ebe966a4f38f0024fe4174dcdc7dff322d830cf57c84fc86ddbf52428ae",
                "sha256:796799259fe67ea08eeb19c943413bb56f928baab6ed8b2f277ed8e6e7af2d3d",
                "sha256:e7889bd10537dc68619be691d52ba7f5d36b72767d6f8b2993ef6ae441198bcd",
                "sha256:749ce517bdc7afabc6a27bfe4c4dfcece2fa427e5e9a095cbe823bdafe5d9fa2",
                "sha256:ba1114b9920db85ec3197a7f6a60d2e97c411d302226cf2425f8ff3fcbee4b3e",
                "sha256:2569c8a84ed26dd33f5c66073029e65138c2d91231c311260802e48ec1beadb8",
                "sha256:27e8816bb5315c3c70e9e39ac9bfe1479f1f59d40f9d1897a7965485357b1b8a",
                "sha256:4365c3bc108369829f9dcc10ad07d7858a1a46cbf94029beaf2eaff528d7e707",
                "sha256:29e0f033a8756278f451b85b5f224f6cf466a998ea180049a4ea1a8105954dde",
                "sha256:9be7abece545b6f70df62cd80e933191d3a1401186e4fd3e34a6dc9af11337ea",
                "sha256:cca71a105218f45b15cac5be4a6b823cb09fe48774ff8359ae719bec29967752",
                "sha256:e34422ad362da7ce4d3fc71ca1ff42d7fef63204b601b49a12062cfa14121129",
                "sha256:6003bed78dc591d31bd89ef16e630a1c4fd97a3cd17b975ec945c0f46d6fc881"
            ],
            "version": "==2.3.9"
        },
        "async-timeout": {
            "hashes": [
                "sha256:d3a195a827b0f4068d1616ae2da04aac62e365d14f2b13dbc071f9feed9db4e2",
                "sha256:c17d8ac2d735d59aa62737d76f2787a6c938f5a944ecf768a8c0ab70b0dea566"
            ],
            "version": "==2.0.0"
        },
        "asyncio-redis": {
            "hashes": [
                "sha256:e455952b399c3380d7d6e444b66c46183fc40df9536fafcb9ad7753d9e1520d7",
                "sha256:fae40dc59c7268dfb9a44542cb3f48a885c8f5f7438b13f0dfec1fbd10a82369"
            ],
            "version": "==0.14.3"
        },
        "blosc": {
            "git": "https://github.com/Blosc/python-blosc.git"
        },
        "bottleneck": {
            "hashes": [
                "sha256:6efcde5f830aed64feafca0359b51db0e184c72af8ba6675b4a99f263922eb36"
            ],
            "version": "==1.2.1"
        },
        "cbor": {
            "hashes": [
                "sha256:13225a262ddf5615cbd9fd55a76a0d53069d18b07d2e9f19c39e6acb8609bbb6"
            ],
            "version": "==1.0.0"
        },
        "cffi": {
            "hashes": [
                "sha256:5d0d7023b72794ea847725680e2156d1d01bc698a9007fccce46d03c904fe093",
                "sha256:86903c0afab4a3390170aca61f753f5adad8ffff947030719ee44dedc5b68403",
                "sha256:7d35678a54da0d3f1bc30e3a58a232043753d57c691875b5a75e4e062793bc9a",
                "sha256:824cac33906be5c8e976f0d950924d88ec058989ef9cd2f77f5cd53cec417635",
                "sha256:6ca52651f6bd4b8647cb7dee15c82619de3e13490f8e0bc0620830a2245b51d1",
                "sha256:a183959a4b1e01d6172aeed356e2523ec8682596075aa6cf0003fe08da959a49",
                "sha256:9532c5bc0108bd0fe43c0eb3faa2ef98a2db60fc0d4019f106b88d46803dd663",
                "sha256:96652215ef328262b5f1d5647632bd342ac6b31dfbc495b21f1ab27cb06d621d",
                "sha256:6c99d19225e3135f6190a3bfce2a614cae8eaa5dcaf9e0705d4ccb79a3959a3f",
                "sha256:12cbf4c04c1ad07124bfc9e928c01e282feac9ec7dd72a18042d4fc56456289a",
                "sha256:69c37089ccf10692361c8d14dbf4138b00b46741ffe9628755054499f06ed548",
                "sha256:b8d1454ef627098dc76ccfd6211a08065e6f84efe3754d8d112049fec3768e71",
                "sha256:cd13f347235410c592f6e36395ee1c136a64b66534f10173bfa4df1dc88f47d0",
                "sha256:0640f12f04f257c4467075a804a4920a5d07ef91e11c525fc65d715c08231c81",
                "sha256:89a8d05b96bdeca8fdc89c5fa9469a357d30f6c066262e92c0c8d2e4d3c53cae",
                "sha256:a67c430a9bde73ae85b0c885fcf41b556760e42ea74c16dc70431a349989b448",
                "sha256:7a831170b621e98f45ed1d5758325be19619a593924127a0a47af9a72a117319",
                "sha256:796d0379102e6da5215acfcd20e8e69cca9d97309215b4ce088fe175b1c2f586",
                "sha256:0fe3b3d571543a4065059d1d3d6d39f4ca6da0f2207ad13547094522e32ead46",
                "sha256:678135090c311780382b1dd3f828f715583ea8a69687ed053c047d3cec6625d6",
                "sha256:f4992cd7b4c867f453d44c213ee29e8fd484cf81cfece4b6e836d0982b6fa1cf",
                "sha256:6d191fb20138fe1948727b20e7b96582b7b7e676135eabf72d910e10bf7bfa65",
                "sha256:ec208ca16e57904dd7f4c7568665f80b1f7eb7e3214be014560c28def219060d",
                "sha256:b3653644d6411bf4bd64c1f2ca3cb1b093f98c68439ade5cef328609bbfabf8c",
                "sha256:f4719d0bafc5f0a67b2ec432086d40f653840698d41fa6e9afa679403dea9d78",
                "sha256:87f837459c3c78d75cb4f5aadf08a7104db15e8c7618a5c732e60f252279c7a6",
                "sha256:df9083a992b17a28cd4251a3f5c879e0198bb26c9e808c4647e0a18739f1d11d"
            ],
            "version": "==1.11.4"
        },
        "chardet": {
            "hashes": [
                "sha256:fc323ffcaeaed0e0a02bf4d117757b98aed530d9ed4531e3e15460124c106691",
                "sha256:84ab92ed1c4d4f16916e05906b6b75a6c0fb5db821cc65e70cbd64a3e2a5eaae"
            ],
            "version": "==3.0.4"
        },
        "cython": {
            "hashes": [
                "sha256:aba08b4db9163c52a1106efa8b19c5a4e519e5f45644551bb1358ec189a14505",
                "sha256:d17a6a689bb3e6c0f280620dfddb1b91ffb8fcdae3b8707bdf6285df4100d011",
                "sha256:82bbbeadbc579b6f2a7365db2d3ea21043699e424cfcca434b3baa11309260ae",
                "sha256:cefa9356770d71176c87ab60f6fdb186ec9cbc6399a6c2de1017852505d44963",
                "sha256:83237d27b6dec0f6b76406de5be1cf249cffb4377079acc3f3dfa72de1e307cf",
                "sha256:7fbd49b1bd5240feb69ec4c67f4c76fc9dfdfc472d642833668ecaad0e14673d",
                "sha256:abfb2426266d806a7d794a8ecbd0fbb385b48bddf2db6ac9a2e95d48e2c603bd",
                "sha256:d8e40814fefc300bc64251f5d6bd8988e49442d7ded0e5702b5366323a035afc",
                "sha256:8a4733edf3ca1c7dd9c7e1289dd5974657f1147642ef8ded1e57a1266922e32a",
                "sha256:fb5b8978b937677a32b5aecc72231560d29243622a298a5c31183b156f9f42e3",
                "sha256:e30fd7a32cbe7fe6c186deefef03670bf75d76ead23418f8c91519899be5518e",
                "sha256:b9bc1d7e681c5a7560280a5aa8000f736eb0e47efacb7b6206275ed004595a92",
                "sha256:251bb50e36044ad26ff45960a60cb75868757fd46900eaf00129a4af3a0d5fcc",
                "sha256:e86984b90a0176bafb5890f1f14a2962317eee9e95e0a917e6b06a5b0c764e25",
                "sha256:4c958bd9e50fcd316830561f0725b3ccf893de328566c960b7bb38424d3b983d",
                "sha256:a51c3a1c948664874f91636ba6169bca4dc68f5fac7b980fcb9c769a8d1f9ebc",
                "sha256:28c938bc970d2b5fe296460cf6ed19d0328776a6295f68a79057060e60bfc82f",
                "sha256:38a9e5afc5e096f26bfe5c4b458541e455032028cb5356a734ba235868b19823",
                "sha256:3914ae1268334208e33b952e9f447e0d9f43decd562f939d7d07e8589d0473ba",
                "sha256:f441347d0d07b4cb9ca36bda70c3aa98a7484a262b8f44d0f82b70dbb5e11b47",
                "sha256:f01e79f4123205d0f99b97199b53345cb6378974e738792c620957c6223fded9",
                "sha256:56a9f99b42ad6ad1fdb7705c16aa69b2e1a4ac34f760286a6de64c5719499da7",
                "sha256:9f8bbd876c4d68cb12b9de9dc6734c17ca295e4759e684417fd7f3dd96d3ed2c",
                "sha256:7bc07c32703e4e63f2f60c729b0ae99acbccbfd3ae4c64a322a75482d915d4af",
                "sha256:8afdc3751c6269ef46879ca6ff32a1362f298c77f2cf0723c66ae65c35be5db0",
                "sha256:264a68823751fe2a18d0b14dd44b614aecd508bd01453902921c23fd5be13d4c",
                "sha256:ca81d4b6f511f1e0d2a1c76ad5b3a4a3a0edf683f27600d4a86da55cb134372a",
                "sha256:26e24164d59e92280fa759a8a361c68490763ec230307e21990020bdeb87de50",
                "sha256:5e0006c3a2849b7a36d2cb23bcf14753b6ffc3eafac48fa29fafad942cfa4627",
                "sha256:6a00512de1f2e3ce66ba35c5420babaef1fe2d9c43a8faab4080b0dbcc26bc64"
            ],
            "version": "==0.27.3"
        },
        "idna": {
            "hashes": [
                "sha256:8c7309c718f94b3a625cb648ace320157ad16ff131ae0af362c9f21b80ef6ec4",
                "sha256:2c6a5de3089009e3da7c5dde64a141dbc8551d5b7f6cf4ed7c2568d0cc520a8f"
            ],
            "version": "==2.6"
        },
        "multidict": {
            "hashes": [
                "sha256:c6f58235bb5571e40eacc03babcb64e08dd291ea7b4dec32694ee5aae36aa215",
                "sha256:6c2be0837f87b4f3132a007d0283d259985c7927ae4064907ae0404796a25268",
                "sha256:cad442b44a3ed627b062179713e637d1e99ca258965eb7f9d37bc4028c454f92",
                "sha256:34e7be13bf4133534261e3a4f8c00e0cfbf1c436140530d768e67fb23aba2c39",
                "sha256:f3644681f3e69a6036df56673ba0ace835c6d88b4872a0c0b7f30e1cabacb1af",
                "sha256:985d0646ba5ae984621e8a9247f29ddae8c78f5378b506ad89448fd07bbdabc5",
                "sha256:2512e9eb913436e7781f873a254c83c5c01263a9986fc63d9c46645c7e347acd",
                "sha256:b581f61a919caad38163aa1d2ba6d861d368f81bc808b95e4192bc16f8934e3a",
                "sha256:5d8098e499a3a7877a135c66e60b489fa2a8f5b650c36aa16d70db63dec49cb1",
                "sha256:ae19e17a45d480199f25770bced6be3d8f23defd7eb2988a7b162da70ec5d59c",
                "sha256:11f1e4b63af8f2a96b4b517bb235946aa61c807144749b2dc21d59bacb7da712",
                "sha256:461e4ec88ccb9a4a0bddd5c60b6621a5731c11ebd7dd107b7c7bd9708ea1335b",
                "sha256:a61a984d976c0f7ee392fc56c79faeeacf40df1bfed6d313959a63b2f7e14709",
                "sha256:805cd5be68cf30c479ad8eb236e091ca04025298b95093624c79da92f3589b53",
                "sha256:c1c8e1d9e6997376a7bc90795f337bda9cebef2286954434487d30618e0a5fcd",
                "sha256:aec53c2f6e48bc08fe3e68da2a24cf890b74cf3d95d9f796ee1bf459c13d9837",
                "sha256:42c4164f5e1674ba4f99ada9a02023dc2e38f3646434a43eaa1502a47b511baa",
                "sha256:336cdd64fe55344042ea72552e5c09b85632592e2aa532e58faf344a66d60c70",
                "sha256:b1451f2043af5e540cb7d1d75edb9493e0c6ffee860b6e86cc76d4280b7481de",
                "sha256:52e0c03f32df10f9f1338054dad78e7a3ff4d36f27c600441190302708653661",
                "sha256:b72486b3ad2b8444f7afebdafda8b111c1803e37203dfe81b7765298f2781778"
            ],
            "version": "==4.0.0"
        },
        "numpy": {
            "hashes": [
                "sha256:428cd3c0b197cf857671353d8c85833193921af9fafcc169a1f29c7185833d50",
                "sha256:a476e437d73e5754aa66e1e75840d0163119c3911b7361f4cd06985212a3c3fb",
                "sha256:289ff717138cd9aa133adcbd3c3e284458b9c8230db4d42b39083a3407370317",
                "sha256:c5eccb4bf96dbb2436c61bb3c2658139e779679b6ae0d04c5e268e6608b58053",
                "sha256:75471acf298d455b035226cc609a92aee42c4bb6aa71def85f77fa2c2b646b61",
                "sha256:5c54fb98ecf42da59ed93736d1c071842482b18657eb16ba6e466bd873e1b923",
                "sha256:9ddf384ac3aacb72e122a8207775cc29727cbd9c531ee1a4b95754f24f42f7f3",
                "sha256:781d3197da49c421a07f250750de70a52c42af08ca02a2f7bdb571c0625ae7eb",
                "sha256:93b26d6c06a22e64d56aaca32aaaffd27a4143db0ac2f21a048f0b571f2bfc55",
                "sha256:b2547f57d05ba59df4289493254f29f4c9082d255f1f97b7e286f40f453e33a1",
                "sha256:eef6af1c752eef538a96018ef9bdf8e37bbf28aab50a1436501a4aa47a6467df",
                "sha256:ff8a4b2c3ac831964f529a2da506c28d002562b230261ae5c16885f5f53d2e75",
                "sha256:194074058c22a4066e1b6a4ea432486ee468d24ab16f13630c1030409e6b8666",
                "sha256:4e13f1a848fde960dea33702770265837c72b796a6a3eaac7528cfe75ddefadd",
                "sha256:91101216d72749df63968d86611b549438fb18af2c63849c01f9a897516133c7",
                "sha256:97507349abb7d1f6b76b877258defe8720833881dc7e7fd052bac90c88587387",
                "sha256:1479b46b6040b5c689831496354c8859c456b152d37315673a0c18720b41223b",
                "sha256:98b1ac79c160e36093d7914244e40ee1e7164223e795aa2c71dcce367554e646",
                "sha256:24bbec9a199f938eab75de8390f410969bc33c218e5430fa1ae9401b00865255",
                "sha256:7880f412543e96548374a4bb1d75e4cdb8cad80f3a101ed0f8d0e0428f719c1c",
                "sha256:6112f152b76a28c450bbf665da11757078a724a90330112f5b7ea2d6b6cefd67",
                "sha256:7c5276763646480143d5f3a6c2acb2885460c765051a1baf4d5070f63d05010f",
                "sha256:3de643935b212307b420248018323a44ec51987a336d1d747c1322afc3c099fb"
            ],
            "version": "==1.14.0"
        },
        "pycparser": {
            "hashes": [
                "sha256:99a8ca03e29851d96616ad0404b4aad7d9ee16f25c9f9708a11faf2810f7b226"
            ],
            "version": "==2.18"
        },
        "pynacl": {
            "git": "https://github.com/pyca/pynacl.git"
        },
        "pyrtlsdr": {
            "git": "https://github.com/roger-/pyrtlsdr.git"
        },
        "yarl": {
            "hashes": [
                "sha256:b32a55fb56fa70cc2931f2b3b7e5d4c0ec3784e379523fb02a45f0854798f4e4",
                "sha256:61bc968a68aec5c4e4b1fad982546319d5493f8580f7360d10fb2adf03d02ebf",
                "sha256:ea15affc5c3d4613d4052e05f6595d89d68475336a66a76ceb1dd9dcc3c8858d",
                "sha256:1d6e2f22eb5a5b1e0033280bcc2ff5bb40dfacfc20e6ed995fce937844b62729",
                "sha256:2ce7ce29b84f010881fb25f79aa0b67b8dfbdc9fcb1b4c3ec955ada5be002f76",
                "sha256:29a1461d3590506f1088b677b024ff44085894bc39073a26c5b513254645e538",
                "sha256:95cc9472f6693e6196a84d70c27dc25fdfc47bfc9c127bd8edc60b7b32da5497",
                "sha256:b6f9297b4a154bb4bc1ef471c96dccd163f0ea1f07a756012a59a0fca0b578ab",
                "sha256:bdf4ac90545fc54c86725601c36ae6ea4e6b193b7d2d72632a4811addec44f8f",
                "sha256:9b7c0f6dff35e97acde71e0030b8b9fe4ac66eb25fb94ef14128f83ab7a21915",
                "sha256:86549278c9f5ef7873308038c591a45ee31a85bea7d386b1f9d954a910cfc16a",
                "sha256:07da885cf2b5ced4679d3a419557ee0f007dd498a91ca0d1cf855a62f291cf15",
                "sha256:5ea610467a04d99bfc8878186330b28859eafc6ca589cdd24ba6fb7234c4b011"
            ],
            "version": "==1.0.0"
        }
    },
    "develop": {}
}
